version = 1
revision = 3
requires-python = ">=3.12"

[[package]]
name = "certifi"
version = "2026.2.25"
source = { registry = "https://pypi.org/simple" }
sdist = { url = "https://files.pythonhosted.org/packages/af/2d/7bf41579a8986e348fa033a31cdd0e4121114f6bce2457e8876010b092dd/certifi-2026.2.25.tar.gz", hash = "sha256:e887ab5cee78ea814d3472169153c2d12cd43b14bd03329a39a9c6e2e80bfba7", size = 155029, upload-time = "2026-02-25T02:54:17.342Z" }
wheels = [
    { url = "https://files.pythonhosted.org/packages/9a/3c/c17fb3ca2d9c3acff52e30b309f538586f9f5b9c9cf454f3845fc9af4881/certifi-2026.2.25-py3-none-any.whl", hash = "sha256:027692e4402ad994f1c42e52a4997a9763c646b73e4096e4d5d6db8af1d6f0fa", size = 153684, upload-time = "2026-02-25T02:54:15.766Z" },
]

[[package]]
name = "chardet"
version = "3.0.4"
source = { registry = "https://pypi.org/simple" }
sdist = { url = "https://files.pythonhosted.org/packages/fc/bb/a5768c230f9ddb03acc9ef3f0d4a3cf93462473795d18e9535498c8f929d/chardet-3.0.4.tar.gz", hash = "sha256:84ab92ed1c4d4f16916e05906b6b75a6c0fb5db821cc65e70cbd64a3e2a5eaae", size = 1868453, upload-time = "2017-06-08T14:34:35.581Z" }
wheels = [
    { url = "https://files.pythonhosted.org/packages/bc/a9/01ffebfb562e4274b6487b4bb1ddec7ca55ec7510b22e4c51f14098443b8/chardet-3.0.4-py2.py3-none-any.whl", hash = "sha256:fc323ffcaeaed0e0a02bf4d117757b98aed530d9ed4531e3e15460124c106691", size = 133356, upload-time = "2017-06-08T14:34:33.552Z" },
]

[[package]]
name = "idna"
version = "2.7"
source = { registry = "https://pypi.org/simple" }
sdist = { url = "https://files.pythonhosted.org/packages/65/c4/80f97e9c9628f3cac9b98bfca0402ede54e0563b56482e3e6e45c43c4935/idna-2.7.tar.gz", hash = "sha256:684a38a6f903c1d71d6d5fac066b58d7768af4de2b832e426ec79c30daa94a16", size = 172698, upload-time = "2018-06-11T02:52:21.161Z" }
wheels = [
    { url = "https://files.pythonhosted.org/packages/4b/2a/0276479a4b3caeb8a8c1af2f8e4355746a97fab05a372e4a2c6a6b876165/idna-2.7-py2.py3-none-any.whl", hash = "sha256:156a6814fb5ac1fc6850fb002e0852d56c0c8d2531923a51032d1b70760e186e", size = 58213, upload-time = "2018-06-11T02:52:19.321Z" },
]

[[package]]
name = "requests"
version = "2.19.0"
source = { registry = "https://pypi.org/simple" }
dependencies = [
    { name = "certifi" },
    { name = "chardet" },
    { name = "idna" },
    { name = "urllib3" },
]
sdist = { url = "https://files.pythonhosted.org/packages/75/27/82da3fa4ea7a8c3526c48eaafe427352ff9c931633b917c2251826a43697/requests-2.19.0.tar.gz", hash = "sha256:cc408268d0e21589bcc2b2c248e42932b8c4d112f499c12c92e99e2178a6134c", size = 130875, upload-time = "2018-06-12T14:46:17.223Z" }
wheels = [
    { url = "https://files.pythonhosted.org/packages/cc/15/e1c318dbc20032ffbe5628837ca0de2d5b116ffd1b849c699634010f6a5d/requests-2.19.0-py2.py3-none-any.whl", hash = "sha256:421cfc8d9dde7d6aff68196420afd86b88c65d77d8da9cf83f4ecad785d7b9d6", size = 91865, upload-time = "2018-06-12T14:46:15.289Z" },
]

[[package]]
name = "sub-project-1-for-ssc-scanning"
version = "0.1.0"
source = { editable = "." }
dependencies = [
    { name = "requests" },
    { name = "urllib3" },
]

[package.metadata]
requires-dist = [
    { name = "requests", specifier = "==2.19.0" },
    { name = "urllib3", specifier = "==1.21.1" },
]

[[package]]
name = "urllib3"
version = "1.21.1"
source = { registry = "https://pypi.org/simple" }
sdist = { url = "https://files.pythonhosted.org/packages/96/d9/40e4e515d3e17ed0adbbde1078e8518f8c4e3628496b56eb8f026a02b9e4/urllib3-1.21.1.tar.gz", hash = "sha256:b14486978518ca0901a76ba973d7821047409d7f726f22156b24e83fd71382a5", size = 224266, upload-time = "2017-05-02T10:58:34.16Z" }
wheels = [
    { url = "https://files.pythonhosted.org/packages/24/53/f397db567de0aa0e81b211d81c13c41a779f14893e42189cf5bdb97611b2/urllib3-1.21.1-py2.py3-none-any.whl", hash = "sha256:8ed6d5c1ff9d6ba84677310060d6a3a78ca3072ce0684cb3c645023009c114b1", size = 131717, upload-time = "2017-05-02T10:58:32.257Z" },
]
